
Microsoft Visual Studio Solution File, Format Version 12.00
# Visual Studio 15
VisualStudioVersion = 15.0.27703.2026
MinimumVisualStudioVersion = 10.0.40219.1
Project("{FAE04EC0-301F-11D3-BF4B-00C04F79EFBC}") = "PipeFilterLib", "PipeFilterLib\PipeFilterLib.csproj", "{5E60F151-5B3A-421A-9B2F-3D8F6290EF0D}"
EndProject
Project("{FAE04EC0-301F-11D3-BF4B-00C04F79EFBC}") = "PipeProcess", "PipeProcess\PipeProcess.csproj", "{EFF17C99-2FFF-4180-9CFD-167A7EFED920}"
EndProject
Project("{FAE04EC0-301F-11D3-BF4B-00C04F79EFBC}") = "PFConsole", "PFConsole\PFConsole.csproj", "{122E3FF9-24E5-4E25-809A-0BE2FFCD05AA}"
EndProject
Global
	GlobalSection(SolutionConfigurationPlatforms) = preSolution
		Debug|Any CPU = Debug|Any CPU
		Release|Any CPU = Release|Any CPU
	EndGlobalSection
	GlobalSection(ProjectConfigurationPlatforms) = postSolution
		{5E60F151-5B3A-421A-9B2F-3D8F6290EF0D}.Debug|Any CPU.ActiveCfg = Debug|Any CPU
		{5E60F151-5B3A-421A-9B2F-3D8F6290EF0D}.Debug|Any CPU.Build.0 = Debug|Any CPU
		{5E60F151-5B3A-421A-9B2F-3D8F6290EF0D}.Release|Any CPU.ActiveCfg = Release|Any CPU
		{5E60F151-5B3A-421A-9B2F-3D8F6290EF0D}.Release|Any CPU.Build.0 = Release|Any CPU
		{EFF17C99-2FFF-4180-9CFD-167A7EFED920}.Debug|Any CPU.ActiveCfg = Debug|Any CPU
		{EFF17C99-2FFF-4180-9CFD-167A7EFED920}.Debug|Any CPU.Build.0 = Debug|Any CPU
		{EFF17C99-2FFF-4180-9CFD-167A7EFED920}.Release|Any CPU.ActiveCfg = Release|Any CPU
		{EFF17C99-2FFF-4180-9CFD-167A7EFED920}.Release|Any CPU.Build.0 = Release|Any CPU
		{122E3FF9-24E5-4E25-809A-0BE2FFCD05AA}.Debug|Any CPU.ActiveCfg = Debug|Any CPU
		{122E3FF9-24E5-4E25-809A-0BE2FFCD05AA}.Debug|Any CPU.Build.0 = Debug|Any CPU
		{122E3FF9-24E5-4E25-809A-0BE2FFCD05AA}.Release|Any CPU.ActiveCfg = Release|Any CPU
		{122E3FF9-24E5-4E25-809A-0BE2FFCD05AA}.Release|Any CPU.Build.0 = Release|Any CPU
	EndGlobalSection
	GlobalSection(SolutionProperties) = preSolution
		HideSolutionNode = FALSE
	EndGlobalSection
	GlobalSection(ExtensibilityGlobals) = postSolution
		SolutionGuid = {CADE833E-FE71-45EC-97B0-EFD523616DD7}
	EndGlobalSection
EndGlobal
